
Microsoft Visual Studio Solution File, Format Version 12.00
# Visual Studio 2013
VisualStudioVersion = 12.0.31101.0
MinimumVisualStudioVersion = 10.0.40219.1
Project("{FAE04EC0-301F-11D3-BF4B-00C04F79EFBC}") = "TDTK.PlatForm.MVC4.WebUI.Portal", "TDTK.PlatForm.MVC4.WebUI.Portal\TDTK.PlatForm.MVC4.WebUI.Portal.csproj", "{B14DA6E7-CF0B-4D57-86DD-883B63E8CDF2}"
EndProject
Project("{FAE04EC0-301F-11D3-BF4B-00C04F79EFBC}") = "TDTK.PlatForm.MVC4.WebUI.Portal.Tests", "TDTK.PlatForm.MVC4.WebUI.Portal.Tests\TDTK.PlatForm.MVC4.WebUI.Portal.Tests.csproj", "{61ECBA7E-A995-40A0-B637-98F75B6A5583}"
EndProject
Project("{2150E333-8FDC-42A3-9474-1A3956D46DE8}") = "Implement", "Implement", "{38BF9EBD-DD40-4AC1-A37F-69EBE33E60B1}"
EndProject
Project("{2150E333-8FDC-42A3-9474-1A3956D46DE8}") = "Interface", "Interface", "{DB5DAB67-56D3-4AAA-90FA-625332F0AC63}"
EndProject
Project("{2150E333-8FDC-42A3-9474-1A3956D46DE8}") = "ModelCommon", "ModelCommon", "{C1A10990-E3EF-401B-BDAC-2D326EAD03BC}"
EndProject
Project("{2150E333-8FDC-42A3-9474-1A3956D46DE8}") = "UnitTest", "UnitTest", "{27022A78-3187-4BB1-A014-B43C618E414B}"
EndProject
Project("{FAE04EC0-301F-11D3-BF4B-00C04F79EFBC}") = "TDTK.PlatForm.MVC4.IDAL", "TDTK.PlatForm.MVC4.IDAL\TDTK.PlatForm.MVC4.IDAL.csproj", "{D37C787F-3A21-4E16-8731-597E761304D8}"
EndProject
Project("{FAE04EC0-301F-11D3-BF4B-00C04F79EFBC}") = "TDTK.PlatForm.MVC4.Model", "TDTK.PlatForm.MVC4.Model\TDTK.PlatForm.MVC4.Model.csproj", "{F146F615-6064-4BCD-8250-1E254C7E2B27}"
EndProject
Project("{FAE04EC0-301F-11D3-BF4B-00C04F79EFBC}") = "TDTK.PlatForm.MVC4.DAL", "TDTK.PlatForm.MVC4.DAL\TDTK.PlatForm.MVC4.DAL.csproj", "{83CAB119-1347-4720-A8F1-90771F348E19}"
EndProject
Project("{FAE04EC0-301F-11D3-BF4B-00C04F79EFBC}") = "TDTK.PlatForm.MVC4.DBUtility", "TDTK.PlatForm.MVC4.DBUtility\TDTK.PlatForm.MVC4.DBUtility.csproj", "{D7F1D602-BFAD-4C00-8116-0E17EB7FC646}"
EndProject
Project("{FAE04EC0-301F-11D3-BF4B-00C04F79EFBC}") = "TDTK.PlatForm.MVC4.BLL", "TDTK.PlatForm.MVC4.BLL\TDTK.PlatForm.MVC4.BLL.csproj", "{F2289773-D33F-4052-994A-0077774A6D72}"
EndProject
Project("{FAE04EC0-301F-11D3-BF4B-00C04F79EFBC}") = "TDTK.PlatForm.MVC4.DALFactory", "TDTK.PlatForm.MVC4.DALFactory\TDTK.PlatForm.MVC4.DALFactory.csproj", "{8A5815C0-A3C2-4D17-8AF1-8919E0115BEA}"
EndProject
Project("{FAE04EC0-301F-11D3-BF4B-00C04F79EFBC}") = "TDTK.PlatForm.MVC4.IBLL", "TDTK.PlatForm.MVC4.IBLL\TDTK.PlatForm.MVC4.IBLL.csproj", "{6B74F94A-A06C-42E7-B8AA-B964768B75AE}"
EndProject
Project("{FAE04EC0-301F-11D3-BF4B-00C04F79EFBC}") = "TDTK.PlatForm.MVC4.Common", "TDTK.PlatForm.MVC4.Common\TDTK.PlatForm.MVC4.Common.csproj", "{3C614186-651E-4CF8-B9D5-AC5CA5938E87}"
EndProject
Global
	GlobalSection(SolutionConfigurationPlatforms) = preSolution
		Debug|Any CPU = Debug|Any CPU
		Release|Any CPU = Release|Any CPU
	EndGlobalSection
	GlobalSection(ProjectConfigurationPlatforms) = postSolution
		{B14DA6E7-CF0B-4D57-86DD-883B63E8CDF2}.Debug|Any CPU.ActiveCfg = Debug|Any CPU
		{B14DA6E7-CF0B-4D57-86DD-883B63E8CDF2}.Debug|Any CPU.Build.0 = Debug|Any CPU
		{B14DA6E7-CF0B-4D57-86DD-883B63E8CDF2}.Release|Any CPU.ActiveCfg = Release|Any CPU
		{B14DA6E7-CF0B-4D57-86DD-883B63E8CDF2}.Release|Any CPU.Build.0 = Release|Any CPU
		{61ECBA7E-A995-40A0-B637-98F75B6A5583}.Debug|Any CPU.ActiveCfg = Debug|Any CPU
		{61ECBA7E-A995-40A0-B637-98F75B6A5583}.Debug|Any CPU.Build.0 = Debug|Any CPU
		{61ECBA7E-A995-40A0-B637-98F75B6A5583}.Release|Any CPU.ActiveCfg = Release|Any CPU
		{61ECBA7E-A995-40A0-B637-98F75B6A5583}.Release|Any CPU.Build.0 = Release|Any CPU
		{D37C787F-3A21-4E16-8731-597E761304D8}.Debug|Any CPU.ActiveCfg = Debug|Any CPU
		{D37C787F-3A21-4E16-8731-597E761304D8}.Debug|Any CPU.Build.0 = Debug|Any CPU
		{D37C787F-3A21-4E16-8731-597E761304D8}.Release|Any CPU.ActiveCfg = Release|Any CPU
		{D37C787F-3A21-4E16-8731-597E761304D8}.Release|Any CPU.Build.0 = Release|Any CPU
		{F146F615-6064-4BCD-8250-1E254C7E2B27}.Debug|Any CPU.ActiveCfg = Debug|Any CPU
		{F146F615-6064-4BCD-8250-1E254C7E2B27}.Debug|Any CPU.Build.0 = Debug|Any CPU
		{F146F615-6064-4BCD-8250-1E254C7E2B27}.Release|Any CPU.ActiveCfg = Release|Any CPU
		{F146F615-6064-4BCD-8250-1E254C7E2B27}.Release|Any CPU.Build.0 = Release|Any CPU
		{83CAB119-1347-4720-A8F1-90771F348E19}.Debug|Any CPU.ActiveCfg = Debug|Any CPU
		{83CAB119-1347-4720-A8F1-90771F348E19}.Debug|Any CPU.Build.0 = Debug|Any CPU
		{83CAB119-1347-4720-A8F1-90771F348E19}.Release|Any CPU.ActiveCfg = Release|Any CPU
		{83CAB119-1347-4720-A8F1-90771F348E19}.Release|Any CPU.Build.0 = Release|Any CPU
		{D7F1D602-BFAD-4C00-8116-0E17EB7FC646}.Debug|Any CPU.ActiveCfg = Debug|Any CPU
		{D7F1D602-BFAD-4C00-8116-0E17EB7FC646}.Debug|Any CPU.Build.0 = Debug|Any CPU
		{D7F1D602-BFAD-4C00-8116-0E17EB7FC646}.Release|Any CPU.ActiveCfg = Release|Any CPU
		{D7F1D602-BFAD-4C00-8116-0E17EB7FC646}.Release|Any CPU.Build.0 = Release|Any CPU
		{F2289773-D33F-4052-994A-0077774A6D72}.Debug|Any CPU.ActiveCfg = Debug|Any CPU
		{F2289773-D33F-4052-994A-0077774A6D72}.Debug|Any CPU.Build.0 = Debug|Any CPU
		{F2289773-D33F-4052-994A-0077774A6D72}.Release|Any CPU.ActiveCfg = Release|Any CPU
		{F2289773-D33F-4052-994A-0077774A6D72}.Release|Any CPU.Build.0 = Release|Any CPU
		{8A5815C0-A3C2-4D17-8AF1-8919E0115BEA}.Debug|Any CPU.ActiveCfg = Debug|Any CPU
		{8A5815C0-A3C2-4D17-8AF1-8919E0115BEA}.Debug|Any CPU.Build.0 = Debug|Any CPU
		{8A5815C0-A3C2-4D17-8AF1-8919E0115BEA}.Release|Any CPU.ActiveCfg = Release|Any CPU
		{8A5815C0-A3C2-4D17-8AF1-8919E0115BEA}.Release|Any CPU.Build.0 = Release|Any CPU
		{6B74F94A-A06C-42E7-B8AA-B964768B75AE}.Debug|Any CPU.ActiveCfg = Debug|Any CPU
		{6B74F94A-A06C-42E7-B8AA-B964768B75AE}.Debug|Any CPU.Build.0 = Debug|Any CPU
		{6B74F94A-A06C-42E7-B8AA-B964768B75AE}.Release|Any CPU.ActiveCfg = Release|Any CPU
		{6B74F94A-A06C-42E7-B8AA-B964768B75AE}.Release|Any CPU.Build.0 = Release|Any CPU
		{3C614186-651E-4CF8-B9D5-AC5CA5938E87}.Debug|Any CPU.ActiveCfg = Debug|Any CPU
		{3C614186-651E-4CF8-B9D5-AC5CA5938E87}.Debug|Any CPU.Build.0 = Debug|Any CPU
		{3C614186-651E-4CF8-B9D5-AC5CA5938E87}.Release|Any CPU.ActiveCfg = Release|Any CPU
		{3C614186-651E-4CF8-B9D5-AC5CA5938E87}.Release|Any CPU.Build.0 = Release|Any CPU
	EndGlobalSection
	GlobalSection(SolutionProperties) = preSolution
		HideSolutionNode = FALSE
	EndGlobalSection
	GlobalSection(NestedProjects) = preSolution
		{D37C787F-3A21-4E16-8731-597E761304D8} = {DB5DAB67-56D3-4AAA-90FA-625332F0AC63}
		{F146F615-6064-4BCD-8250-1E254C7E2B27} = {C1A10990-E3EF-401B-BDAC-2D326EAD03BC}
		{83CAB119-1347-4720-A8F1-90771F348E19} = {38BF9EBD-DD40-4AC1-A37F-69EBE33E60B1}
		{D7F1D602-BFAD-4C00-8116-0E17EB7FC646} = {38BF9EBD-DD40-4AC1-A37F-69EBE33E60B1}
		{F2289773-D33F-4052-994A-0077774A6D72} = {38BF9EBD-DD40-4AC1-A37F-69EBE33E60B1}
		{8A5815C0-A3C2-4D17-8AF1-8919E0115BEA} = {38BF9EBD-DD40-4AC1-A37F-69EBE33E60B1}
		{6B74F94A-A06C-42E7-B8AA-B964768B75AE} = {DB5DAB67-56D3-4AAA-90FA-625332F0AC63}
		{3C614186-651E-4CF8-B9D5-AC5CA5938E87} = {C1A10990-E3EF-401B-BDAC-2D326EAD03BC}
	EndGlobalSection
EndGlobal
